// !$*UTF8*$!
{
	archiveVersion = 1;
	classes = {
	};
	objectVersion = 50;
	objects = {

/* Begin PBXBuildFile section */
		091AECB82637B1230015F2FE /* SourceHanSansTC-Medium.otf in Resources */ = {isa = PBXBuildFile; fileRef = 091AECB02637B11F0015F2FE /* SourceHanSansTC-Medium.otf */; };
		091AECB92637B1230015F2FE /* SourceHanSansTC-Regular.otf in Resources */ = {isa = PBXBuildFile; fileRef = 091AECB12637B1200015F2FE /* SourceHanSansTC-Regular.otf */; };
		091AECBA2637B1230015F2FE /* SourceHanSansTC-Bold.otf in Resources */ = {isa = PBXBuildFile; fileRef = 091AECB22637B1200015F2FE /* SourceHanSansTC-Bold.otf */; };
		091AECBB2637B1230015F2FE /* SourceHanSansTC-Heavy.otf in Resources */ = {isa = PBXBuildFile; fileRef = 091AECB32637B1210015F2FE /* SourceHanSansTC-Heavy.otf */; };
		091AECBC2637B1230015F2FE /* jf-openhuninn-1.1.ttf in Resources */ = {isa = PBXBuildFile; fileRef = 091AECB42637B1210015F2FE /* jf-openhuninn-1.1.ttf */; };
		091AECBD2637B1230015F2FE /* SourceHanSansTC-Normal.otf in Resources */ = {isa = PBXBuildFile; fileRef = 091AECB52637B1220015F2FE /* SourceHanSansTC-Normal.otf */; };
		091AECBE2637B1230015F2FE /* SourceHanSansTC-ExtraLight.otf in Resources */ = {isa = PBXBuildFile; fileRef = 091AECB62637B1220015F2FE /* SourceHanSansTC-ExtraLight.otf */; };
		091AECBF2637B1230015F2FE /* SourceHanSansTC-Light.otf in Resources */ = {isa = PBXBuildFile; fileRef = 091AECB72637B1230015F2FE /* SourceHanSansTC-Light.otf */; };
		091AECC32637EB520015F2FE /* twicon.otf in Resources */ = {isa = PBXBuildFile; fileRef = 091AECC22637EB520015F2FE /* twicon.otf */; };
		091AECC62637EECF0015F2FE /* FoodListTableViewController.swift in Sources */ = {isa = PBXBuildFile; fileRef = 091AECC52637EECF0015F2FE /* FoodListTableViewController.swift */; };
		091AECC92637F0B10015F2FE /* FoodFile.swift in Sources */ = {isa = PBXBuildFile; fileRef = 091AECC82637F0B10015F2FE /* FoodFile.swift */; };
		091AECD12637F3890015F2FE /* FoodTableViewCell.swift in Sources */ = {isa = PBXBuildFile; fileRef = 091AECD02637F3890015F2FE /* FoodTableViewCell.swift */; };
		09BA01CF262EC4C2003A43FD /* AppDelegate.swift in Sources */ = {isa = PBXBuildFile; fileRef = 09BA01CE262EC4C2003A43FD /* AppDelegate.swift */; };
		09BA01D1262EC4C2003A43FD /* SceneDelegate.swift in Sources */ = {isa = PBXBuildFile; fileRef = 09BA01D0262EC4C2003A43FD /* SceneDelegate.swift */; };
		09BA01D6262EC4C2003A43FD /* Main.storyboard in Resources */ = {isa = PBXBuildFile; fileRef = 09BA01D4262EC4C2003A43FD /* Main.storyboard */; };
		09BA01D8262EC4C5003A43FD /* Assets.xcassets in Resources */ = {isa = PBXBuildFile; fileRef = 09BA01D7262EC4C5003A43FD /* Assets.xcassets */; };
		09BA01DB262EC4C5003A43FD /* LaunchScreen.storyboard in Resources */ = {isa = PBXBuildFile; fileRef = 09BA01D9262EC4C5003A43FD /* LaunchScreen.storyboard */; };
		09BA01EE262ED632003A43FD /* CustomImage.swift in Sources */ = {isa = PBXBuildFile; fileRef = 09BA01ED262ED632003A43FD /* CustomImage.swift */; };
		09BA01F2262ED9B5003A43FD /* MainViewController.swift in Sources */ = {isa = PBXBuildFile; fileRef = 09BA01F1262ED9B5003A43FD /* MainViewController.swift */; };
		09BA01F6262EDFC5003A43FD /* CustomButton.swift in Sources */ = {isa = PBXBuildFile; fileRef = 09BA01F5262EDFC5003A43FD /* CustomButton.swift */; };
		09BA01FD2632934A003A43FD /* FruitTableViewController.swift in Sources */ = {isa = PBXBuildFile; fileRef = 09BA01FC2632934A003A43FD /* FruitTableViewController.swift */; };
		09BA02002632938C003A43FD /* FruitTableViewCell.swift in Sources */ = {isa = PBXBuildFile; fileRef = 09BA01FF2632938C003A43FD /* FruitTableViewCell.swift */; };
		09BA0203263293DF003A43FD /* FruitFile.swift in Sources */ = {isa = PBXBuildFile; fileRef = 09BA0202263293DF003A43FD /* FruitFile.swift */; };
		47C8CF2F2637214100C7D1FC /* bock.regular.otf in Resources */ = {isa = PBXBuildFile; fileRef = 47C8CF2E2637214100C7D1FC /* bock.regular.otf */; };
/* End PBXBuildFile section */

/* Begin PBXFileReference section */
		091AECB02637B11F0015F2FE /* SourceHanSansTC-Medium.otf */ = {isa = PBXFileReference; lastKnownFileType = file; path = "SourceHanSansTC-Medium.otf"; sourceTree = "<group>"; };
		091AECB12637B1200015F2FE /* SourceHanSansTC-Regular.otf */ = {isa = PBXFileReference; lastKnownFileType = file; path = "SourceHanSansTC-Regular.otf"; sourceTree = "<group>"; };
		091AECB22637B1200015F2FE /* SourceHanSansTC-Bold.otf */ = {isa = PBXFileReference; lastKnownFileType = file; path = "SourceHanSansTC-Bold.otf"; sourceTree = "<group>"; };
		091AECB32637B1210015F2FE /* SourceHanSansTC-Heavy.otf */ = {isa = PBXFileReference; lastKnownFileType = file; path = "SourceHanSansTC-Heavy.otf"; sourceTree = "<group>"; };
		091AECB42637B1210015F2FE /* jf-openhuninn-1.1.ttf */ = {isa = PBXFileReference; lastKnownFileType = file; path = "jf-openhuninn-1.1.ttf"; sourceTree = "<group>"; };
		091AECB52637B1220015F2FE /* SourceHanSansTC-Normal.otf */ = {isa = PBXFileReference; lastKnownFileType = file; path = "SourceHanSansTC-Normal.otf"; sourceTree = "<group>"; };
		091AECB62637B1220015F2FE /* SourceHanSansTC-ExtraLight.otf */ = {isa = PBXFileReference; lastKnownFileType = file; path = "SourceHanSansTC-ExtraLight.otf"; sourceTree = "<group>"; };
		091AECB72637B1230015F2FE /* SourceHanSansTC-Light.otf */ = {isa = PBXFileReference; lastKnownFileType = file; path = "SourceHanSansTC-Light.otf"; sourceTree = "<group>"; };
		091AECC22637EB520015F2FE /* twicon.otf */ = {isa = PBXFileReference; lastKnownFileType = file; path = twicon.otf; sourceTree = "<group>"; };
		091AECC52637EECF0015F2FE /* FoodListTableViewController.swift */ = {isa = PBXFileReference; lastKnownFileType = sourcecode.swift; name = FoodListTableViewController.swift; path = BulBul/FoodListTableViewController.swift; sourceTree = SOURCE_ROOT; };
		091AECC82637F0B10015F2FE /* FoodFile.swift */ = {isa = PBXFileReference; lastKnownFileType = sourcecode.swift; path = FoodFile.swift; sourceTree = "<group>"; };
		091AECD02637F3890015F2FE /* FoodTableViewCell.swift */ = {isa = PBXFileReference; lastKnownFileType = sourcecode.swift; path = FoodTableViewCell.swift; sourceTree = "<group>"; };
		09BA01CB262EC4C2003A43FD /* BulBul.app */ = {isa = PBXFileReference; explicitFileType = wrapper.application; includeInIndex = 0; path = BulBul.app; sourceTree = BUILT_PRODUCTS_DIR; };
		09BA01CE262EC4C2003A43FD /* AppDelegate.swift */ = {isa = PBXFileReference; lastKnownFileType = sourcecode.swift; path = AppDelegate.swift; sourceTree = "<group>"; };
		09BA01D0262EC4C2003A43FD /* SceneDelegate.swift */ = {isa = PBXFileReference; lastKnownFileType = sourcecode.swift; path = SceneDelegate.swift; sourceTree = "<group>"; };
		09BA01D5262EC4C2003A43FD /* Base */ = {isa = PBXFileReference; lastKnownFileType = file.storyboard; name = Base; path = Base.lproj/Main.storyboard; sourceTree = "<group>"; };
		09BA01D7262EC4C5003A43FD /* Assets.xcassets */ = {isa = PBXFileReference; lastKnownFileType = folder.assetcatalog; path = Assets.xcassets; sourceTree = "<group>"; };
		09BA01DA262EC4C5003A43FD /* Base */ = {isa = PBXFileReference; lastKnownFileType = file.storyboard; name = Base; path = Base.lproj/LaunchScreen.storyboard; sourceTree = "<group>"; };
		09BA01DC262EC4C5003A43FD /* Info.plist */ = {isa = PBXFileReference; lastKnownFileType = text.plist.xml; path = Info.plist; sourceTree = "<group>"; };
		09BA01ED262ED632003A43FD /* CustomImage.swift */ = {isa = PBXFileReference; lastKnownFileType = sourcecode.swift; path = CustomImage.swift; sourceTree = "<group>"; };
		09BA01F1262ED9B5003A43FD /* MainViewController.swift */ = {isa = PBXFileReference; lastKnownFileType = sourcecode.swift; path = MainViewController.swift; sourceTree = "<group>"; };
		09BA01F5262EDFC5003A43FD /* CustomButton.swift */ = {isa = PBXFileReference; lastKnownFileType = sourcecode.swift; path = CustomButton.swift; sourceTree = "<group>"; };
		09BA01FC2632934A003A43FD /* FruitTableViewController.swift */ = {isa = PBXFileReference; lastKnownFileType = sourcecode.swift; path = FruitTableViewController.swift; sourceTree = "<group>"; };
		09BA01FF2632938C003A43FD /* FruitTableViewCell.swift */ = {isa = PBXFileReference; lastKnownFileType = sourcecode.swift; path = FruitTableViewCell.swift; sourceTree = "<group>"; };
		09BA0202263293DF003A43FD /* FruitFile.swift */ = {isa = PBXFileReference; lastKnownFileType = sourcecode.swift; path = FruitFile.swift; sourceTree = "<group>"; };
		47C8CF2E2637214100C7D1FC /* bock.regular.otf */ = {isa = PBXFileReference; lastKnownFileType = file; path = bock.regular.otf; sourceTree = "<group>"; };
/* End PBXFileReference section */

/* Begin PBXFrameworksBuildPhase section */
		09BA01C8262EC4C2003A43FD /* Frameworks */ = {
			isa = PBXFrameworksBuildPhase;
			buildActionMask = 2147483647;
			files = (
			);
			runOnlyForDeploymentPostprocessing = 0;
		};
/* End PBXFrameworksBuildPhase section */

/* Begin PBXGroup section */
		091AECCC2637F2700015F2FE /* Fruit */ = {
			isa = PBXGroup;
			children = (
				09BA01FC2632934A003A43FD /* FruitTableViewController.swift */,
				09BA01FF2632938C003A43FD /* FruitTableViewCell.swift */,
				09BA0202263293DF003A43FD /* FruitFile.swift */,
			);
			path = Fruit;
			sourceTree = "<group>";
		};
		091AECCE2637F28A0015F2FE /* Customization */ = {
			isa = PBXGroup;
			children = (
				09BA01ED262ED632003A43FD /* CustomImage.swift */,
				09BA01F5262EDFC5003A43FD /* CustomButton.swift */,
			);
			path = Customization;
			sourceTree = "<group>";
		};
		09BA01C2262EC4C2003A43FD = {
			isa = PBXGroup;
			children = (
				09BA01CD262EC4C2003A43FD /* BulBul */,
				09BA01CC262EC4C2003A43FD /* Products */,
			);
			sourceTree = "<group>";
		};
		09BA01CC262EC4C2003A43FD /* Products */ = {
			isa = PBXGroup;
			children = (
				09BA01CB262EC4C2003A43FD /* BulBul.app */,
			);
			name = Products;
			sourceTree = "<group>";
		};
		09BA01CD262EC4C2003A43FD /* BulBul */ = {
			isa = PBXGroup;
			children = (
				091AECCE2637F28A0015F2FE /* Customization */,
				47C8CF2D2637212E00C7D1FC /* Font */,
				091AECCC2637F2700015F2FE /* Fruit */,
				09BA01CE262EC4C2003A43FD /* AppDelegate.swift */,
				09BA01D0262EC4C2003A43FD /* SceneDelegate.swift */,
				09BA01D7262EC4C5003A43FD /* Assets.xcassets */,
				09BA01DC262EC4C5003A43FD /* Info.plist */,
				09BA01D9262EC4C5003A43FD /* LaunchScreen.storyboard */,
				09BA01D4262EC4C2003A43FD /* Main.storyboard */,
				09BA01F1262ED9B5003A43FD /* MainViewController.swift */,
				091AECC52637EECF0015F2FE /* FoodListTableViewController.swift */,
				091AECC82637F0B10015F2FE /* FoodFile.swift */,
				091AECD02637F3890015F2FE /* FoodTableViewCell.swift */,
			);
			path = BulBul;
			sourceTree = "<group>";
		};
		47C8CF2D2637212E00C7D1FC /* Font */ = {
			isa = PBXGroup;
			children = (
				091AECC22637EB520015F2FE /* twicon.otf */,
				091AECB42637B1210015F2FE /* jf-openhuninn-1.1.ttf */,
				091AECB22637B1200015F2FE /* SourceHanSansTC-Bold.otf */,
				091AECB62637B1220015F2FE /* SourceHanSansTC-ExtraLight.otf */,
				091AECB32637B1210015F2FE /* SourceHanSansTC-Heavy.otf */,
				091AECB72637B1230015F2FE /* SourceHanSansTC-Light.otf */,
				091AECB02637B11F0015F2FE /* SourceHanSansTC-Medium.otf */,
				091AECB52637B1220015F2FE /* SourceHanSansTC-Normal.otf */,
				091AECB12637B1200015F2FE /* SourceHanSansTC-Regular.otf */,
				47C8CF2E2637214100C7D1FC /* bock.regular.otf */,
			);
			path = Font;
			sourceTree = "<group>";
		};
/* End PBXGroup section */

/* Begin PBXNativeTarget section */
		09BA01CA262EC4C2003A43FD /* BulBul */ = {
			isa = PBXNativeTarget;
			buildConfigurationList = 09BA01DF262EC4C5003A43FD /* Build configuration list for PBXNativeTarget "BulBul" */;
			buildPhases = (
				09BA01C7262EC4C2003A43FD /* Sources */,
				09BA01C8262EC4C2003A43FD /* Frameworks */,
				09BA01C9262EC4C2003A43FD /* Resources */,
			);
			buildRules = (
			);
			dependencies = (
			);
			name = BulBul;
			productName = BulBul;
			productReference = 09BA01CB262EC4C2003A43FD /* BulBul.app */;
			productType = "com.apple.product-type.application";
		};
/* End PBXNativeTarget section */

/* Begin PBXProject section */
		09BA01C3262EC4C2003A43FD /* Project object */ = {
			isa = PBXProject;
			attributes = {
				LastSwiftUpdateCheck = 1230;
				LastUpgradeCheck = 1230;
				TargetAttributes = {
					09BA01CA262EC4C2003A43FD = {
						CreatedOnToolsVersion = 12.3;
					};
				};
			};
			buildConfigurationList = 09BA01C6262EC4C2003A43FD /* Build configuration list for PBXProject "BulBul" */;
			compatibilityVersion = "Xcode 9.3";
			developmentRegion = en;
			hasScannedForEncodings = 0;
			knownRegions = (
				en,
				Base,
			);
			mainGroup = 09BA01C2262EC4C2003A43FD;
			productRefGroup = 09BA01CC262EC4C2003A43FD /* Products */;
			projectDirPath = "";
			projectRoot = "";
			targets = (
				09BA01CA262EC4C2003A43FD /* BulBul */,
			);
		};
/* End PBXProject section */

/* Begin PBXResourcesBuildPhase section */
		09BA01C9262EC4C2003A43FD /* Resources */ = {
			isa = PBXResourcesBuildPhase;
			buildActionMask = 2147483647;
			files = (
				09BA01DB262EC4C5003A43FD /* LaunchScreen.storyboard in Resources */,
				091AECBA2637B1230015F2FE /* SourceHanSansTC-Bold.otf in Resources */,
				091AECB82637B1230015F2FE /* SourceHanSansTC-Medium.otf in Resources */,
				091AECBD2637B1230015F2FE /* SourceHanSansTC-Normal.otf in Resources */,
				09BA01D8262EC4C5003A43FD /* Assets.xcassets in Resources */,
				091AECBB2637B1230015F2FE /* SourceHanSansTC-Heavy.otf in Resources */,
				091AECBE2637B1230015F2FE /* SourceHanSansTC-ExtraLight.otf in Resources */,
				091AECBF2637B1230015F2FE /* SourceHanSansTC-Light.otf in Resources */,
				091AECC32637EB520015F2FE /* twicon.otf in Resources */,
				091AECBC2637B1230015F2FE /* jf-openhuninn-1.1.ttf in Resources */,
				47C8CF2F2637214100C7D1FC /* bock.regular.otf in Resources */,
				09BA01D6262EC4C2003A43FD /* Main.storyboard in Resources */,
				091AECB92637B1230015F2FE /* SourceHanSansTC-Regular.otf in Resources */,
			);
			runOnlyForDeploymentPostprocessing = 0;
		};
/* End PBXResourcesBuildPhase section */

/* Begin PBXSourcesBuildPhase section */
		09BA01C7262EC4C2003A43FD /* Sources */ = {
			isa = PBXSourcesBuildPhase;
			buildActionMask = 2147483647;
			files = (
				091AECD12637F3890015F2FE /* FoodTableViewCell.swift in Sources */,
				09BA01CF262EC4C2003A43FD /* AppDelegate.swift in Sources */,
				09BA01D1262EC4C2003A43FD /* SceneDelegate.swift in Sources */,
				09BA02002632938C003A43FD /* FruitTableViewCell.swift in Sources */,
				091AECC92637F0B10015F2FE /* FoodFile.swift in Sources */,
				09BA01EE262ED632003A43FD /* CustomImage.swift in Sources */,
				091AECC62637EECF0015F2FE /* FoodListTableViewController.swift in Sources */,
				09BA0203263293DF003A43FD /* FruitFile.swift in Sources */,
				09BA01F2262ED9B5003A43FD /* MainViewController.swift in Sources */,
				09BA01FD2632934A003A43FD /* FruitTableViewController.swift in Sources */,
				09BA01F6262EDFC5003A43FD /* CustomButton.swift in Sources */,
			);
			runOnlyForDeploymentPostprocessing = 0;
		};
/* End PBXSourcesBuildPhase section */

/* Begin PBXVariantGroup section */
		09BA01D4262EC4C2003A43FD /* Main.storyboard */ = {
			isa = PBXVariantGroup;
			children = (
				09BA01D5262EC4C2003A43FD /* Base */,
			);
			name = Main.storyboard;
			sourceTree = "<group>";
		};
		09BA01D9262EC4C5003A43FD /* LaunchScreen.storyboard */ = {
			isa = PBXVariantGroup;
			children = (
				09BA01DA262EC4C5003A43FD /* Base */,
			);
			name = LaunchScreen.storyboard;
			sourceTree = "<group>";
		};
/* End PBXVariantGroup section */

/* Begin XCBuildConfiguration section */
		09BA01DD262EC4C5003A43FD /* Debug */ = {
			isa = XCBuildConfiguration;
			buildSettings = {
				ALWAYS_SEARCH_USER_PATHS = NO;
				CLANG_ANALYZER_NONNULL = YES;
				CLANG_ANALYZER_NUMBER_OBJECT_CONVERSION = YES_AGGRESSIVE;
				CLANG_CXX_LANGUAGE_STANDARD = "gnu++14";
				CLANG_CXX_LIBRARY = "libc++";
				CLANG_ENABLE_MODULES = YES;
				CLANG_ENABLE_OBJC_ARC = YES;
				CLANG_ENABLE_OBJC_WEAK = YES;
				CLANG_WARN_BLOCK_CAPTURE_AUTORELEASING = YES;
				CLANG_WARN_BOOL_CONVERSION = YES;
				CLANG_WARN_COMMA = YES;
				CLANG_WARN_CONSTANT_CONVERSION = YES;
				CLANG_WARN_DEPRECATED_OBJC_IMPLEMENTATIONS = YES;
				CLANG_WARN_DIRECT_OBJC_ISA_USAGE = YES_ERROR;
				CLANG_WARN_DOCUMENTATION_COMMENTS = YES;
				CLANG_WARN_EMPTY_BODY = YES;
				CLANG_WARN_ENUM_CONVERSION = YES;
				CLANG_WARN_INFINITE_RECURSION = YES;
				CLANG_WARN_INT_CONVERSION = YES;
				CLANG_WARN_NON_LITERAL_NULL_CONVERSION = YES;
				CLANG_WARN_OBJC_IMPLICIT_RETAIN_SELF = YES;
				CLANG_WARN_OBJC_LITERAL_CONVERSION = YES;
				CLANG_WARN_OBJC_ROOT_CLASS = YES_ERROR;
				CLANG_WARN_QUOTED_INCLUDE_IN_FRAMEWORK_HEADER = YES;
				CLANG_WARN_RANGE_LOOP_ANALYSIS = YES;
				CLANG_WARN_STRICT_PROTOTYPES = YES;
				CLANG_WARN_SUSPICIOUS_MOVE = YES;
				CLANG_WARN_UNGUARDED_AVAILABILITY = YES_AGGRESSIVE;
				CLANG_WARN_UNREACHABLE_CODE = YES;
				CLANG_WARN__DUPLICATE_METHOD_MATCH = YES;
				COPY_PHASE_STRIP = NO;
				DEBUG_INFORMATION_FORMAT = dwarf;
				ENABLE_STRICT_OBJC_MSGSEND = YES;
				ENABLE_TESTABILITY = YES;
				GCC_C_LANGUAGE_STANDARD = gnu11;
				GCC_DYNAMIC_NO_PIC = NO;
				GCC_NO_COMMON_BLOCKS = YES;
				GCC_OPTIMIZATION_LEVEL = 0;
				GCC_PREPROCESSOR_DEFINITIONS = (
					"DEBUG=1",
					"$(inherited)",
				);
				GCC_WARN_64_TO_32_BIT_CONVERSION = YES;
				GCC_WARN_ABOUT_RETURN_TYPE = YES_ERROR;
				GCC_WARN_UNDECLARED_SELECTOR = YES;
				GCC_WARN_UNINITIALIZED_AUTOS = YES_AGGRESSIVE;
				GCC_WARN_UNUSED_FUNCTION = YES;
				GCC_WARN_UNUSED_VARIABLE = YES;
				IPHONEOS_DEPLOYMENT_TARGET = 14.3;
				MTL_ENABLE_DEBUG_INFO = INCLUDE_SOURCE;
				MTL_FAST_MATH = YES;
				ONLY_ACTIVE_ARCH = YES;
				SDKROOT = iphoneos;
				SWIFT_ACTIVE_COMPILATION_CONDITIONS = DEBUG;
				SWIFT_OPTIMIZATION_LEVEL = "-Onone";
			};
			name = Debug;
		};
		09BA01DE262EC4C5003A43FD /* Release */ = {
			isa = XCBuildConfiguration;
			buildSettings = {
				ALWAYS_SEARCH_USER_PATHS = NO;
				CLANG_ANALYZER_NONNULL = YES;
				CLANG_ANALYZER_NUMBER_OBJECT_CONVERSION = YES_AGGRESSIVE;
				CLANG_CXX_LANGUAGE_STANDARD = "gnu++14";
				CLANG_CXX_LIBRARY = "libc++";
				CLANG_ENABLE_MODULES = YES;
				CLANG_ENABLE_OBJC_ARC = YES;
				CLANG_ENABLE_OBJC_WEAK = YES;
				CLANG_WARN_BLOCK_CAPTURE_AUTORELEASING = YES;
				CLANG_WARN_BOOL_CONVERSION = YES;
				CLANG_WARN_COMMA = YES;
				CLANG_WARN_CONSTANT_CONVERSION = YES;
				CLANG_WARN_DEPRECATED_OBJC_IMPLEMENTATIONS = YES;
				CLANG_WARN_DIRECT_OBJC_ISA_USAGE = YES_ERROR;
				CLANG_WARN_DOCUMENTATION_COMMENTS = YES;
				CLANG_WARN_EMPTY_BODY = YES;
				CLANG_WARN_ENUM_CONVERSION = YES;
				CLANG_WARN_INFINITE_RECURSION = YES;
				CLANG_WARN_INT_CONVERSION = YES;
				CLANG_WARN_NON_LITERAL_NULL_CONVERSION = YES;
				CLANG_WARN_OBJC_IMPLICIT_RETAIN_SELF = YES;
				CLANG_WARN_OBJC_LITERAL_CONVERSION = YES;
				CLANG_WARN_OBJC_ROOT_CLASS = YES_ERROR;
				CLANG_WARN_QUOTED_INCLUDE_IN_FRAMEWORK_HEADER = YES;
				CLANG_WARN_RANGE_LOOP_ANALYSIS = YES;
				CLANG_WARN_STRICT_PROTOTYPES = YES;
				CLANG_WARN_SUSPICIOUS_MOVE = YES;
				CLANG_WARN_UNGUARDED_AVAILABILITY = YES_AGGRESSIVE;
				CLANG_WARN_UNREACHABLE_CODE = YES;
				CLANG_WARN__DUPLICATE_METHOD_MATCH = YES;
				COPY_PHASE_STRIP = NO;
				DEBUG_INFORMATION_FORMAT = "dwarf-with-dsym";
				ENABLE_NS_ASSERTIONS = NO;
				ENABLE_STRICT_OBJC_MSGSEND = YES;
				GCC_C_LANGUAGE_STANDARD = gnu11;
				GCC_NO_COMMON_BLOCKS = YES;
				GCC_WARN_64_TO_32_BIT_CONVERSION = YES;
				GCC_WARN_ABOUT_RETURN_TYPE = YES_ERROR;
				GCC_WARN_UNDECLARED_SELECTOR = YES;
				GCC_WARN_UNINITIALIZED_AUTOS = YES_AGGRESSIVE;
				GCC_WARN_UNUSED_FUNCTION = YES;
				GCC_WARN_UNUSED_VARIABLE = YES;
				IPHONEOS_DEPLOYMENT_TARGET = 14.3;
				MTL_ENABLE_DEBUG_INFO = NO;
				MTL_FAST_MATH = YES;
				SDKROOT = iphoneos;
				SWIFT_COMPILATION_MODE = wholemodule;
				SWIFT_OPTIMIZATION_LEVEL = "-O";
				VALIDATE_PRODUCT = YES;
			};
			name = Release;
		};
		09BA01E0262EC4C5003A43FD /* Debug */ = {
			isa = XCBuildConfiguration;
			buildSettings = {
				ASSETCATALOG_COMPILER_APPICON_NAME = AppIcon;
				ASSETCATALOG_COMPILER_GLOBAL_ACCENT_COLOR_NAME = AccentColor;
				CODE_SIGN_STYLE = Manual;
				DEVELOPMENT_TEAM = "";
				INFOPLIST_FILE = BulBul/Info.plist;
				LD_RUNPATH_SEARCH_PATHS = (
					"$(inherited)",
					"@executable_path/Frameworks",
				);
				PRODUCT_BUNDLE_IDENTIFIER = tw.com.huahua.BulBul;
				PRODUCT_NAME = "$(TARGET_NAME)";
				PROVISIONING_PROFILE_SPECIFIER = "";
				SWIFT_VERSION = 5.0;
				TARGETED_DEVICE_FAMILY = 1;
			};
			name = Debug;
		};
		09BA01E1262EC4C5003A43FD /* Release */ = {
			isa = XCBuildConfiguration;
			buildSettings = {
				ASSETCATALOG_COMPILER_APPICON_NAME = AppIcon;
				ASSETCATALOG_COMPILER_GLOBAL_ACCENT_COLOR_NAME = AccentColor;
				CODE_SIGN_STYLE = Manual;
				DEVELOPMENT_TEAM = "";
				INFOPLIST_FILE = BulBul/Info.plist;
				LD_RUNPATH_SEARCH_PATHS = (
					"$(inherited)",
					"@executable_path/Frameworks",
				);
				PRODUCT_BUNDLE_IDENTIFIER = tw.com.huahua.BulBul;
				PRODUCT_NAME = "$(TARGET_NAME)";
				PROVISIONING_PROFILE_SPECIFIER = "";
				SWIFT_VERSION = 5.0;
				TARGETED_DEVICE_FAMILY = 1;
			};
			name = Release;
		};
/* End XCBuildConfiguration section */

/* Begin XCConfigurationList section */
		09BA01C6262EC4C2003A43FD /* Build configuration list for PBXProject "BulBul" */ = {
			isa = XCConfigurationList;
			buildConfigurations = (
				09BA01DD262EC4C5003A43FD /* Debug */,
				09BA01DE262EC4C5003A43FD /* Release */,
			);
			defaultConfigurationIsVisible = 0;
			defaultConfigurationName = Release;
		};
		09BA01DF262EC4C5003A43FD /* Build configuration list for PBXNativeTarget "BulBul" */ = {
			isa = XCConfigurationList;
			buildConfigurations = (
				09BA01E0262EC4C5003A43FD /* Debug */,
				09BA01E1262EC4C5003A43FD /* Release */,
			);
			defaultConfigurationIsVisible = 0;
			defaultConfigurationName = Release;
		};
/* End XCConfigurationList section */
	};
	rootObject = 09BA01C3262EC4C2003A43FD /* Project object */;
}
